// !$*UTF8*$!
{
	archiveVersion = 1;
	classes = {
	};
	objectVersion = 77;
	objects = {

/* Begin PBXBuildFile section */
		847245372E1BB9A4003C4A70 /* KeyboardShortcuts in Frameworks */ = {isa = PBXBuildFile; productRef = 847245362E1BB9A4003C4A70 /* KeyboardShortcuts */; };
		848157B12E3A1EC1003965FA /* ArgumentParser in Frameworks */ = {isa = PBXBuildFile; productRef = 848157B02E3A1EC1003965FA /* ArgumentParser */; };
		848157CC2E3A3E8B003965FA /* ArgumentParser in Frameworks */ = {isa = PBXBuildFile; productRef = 848157CB2E3A3E8B003965FA /* ArgumentParser */; };
		84C679102E3A8D7B00BB822E /* CMS_arri.png in Resources */ = {isa = PBXBuildFile; fileRef = 84C6790F2E3A8D7B00BB822E /* CMS_arri.png */; };
		84C67CBC2E4B5D5B00FB0762 /* LRUCache in Frameworks */ = {isa = PBXBuildFile; productRef = 84C67CBB2E4B5D5B00FB0762 /* LRUCache */; };
		84EA52872E4F439C00750988 /* CoreFoundation.framework in Frameworks */ = {isa = PBXBuildFile; fileRef = 84EA52862E4F439C00750988 /* CoreFoundation.framework */; };
		84EA52892E4F43A300750988 /* CoreGraphics.framework in Frameworks */ = {isa = PBXBuildFile; fileRef = 84EA52882E4F43A300750988 /* CoreGraphics.framework */; };
		84EA528B2E4F43AA00750988 /* CoreVideo.framework in Frameworks */ = {isa = PBXBuildFile; fileRef = 84EA528A2E4F43AA00750988 /* CoreVideo.framework */; };
		84EA528D2E4F43B100750988 /* Foundation.framework in Frameworks */ = {isa = PBXBuildFile; fileRef = 84EA528C2E4F43B100750988 /* Foundation.framework */; };
		84EA528F2E4F43BA00750988 /* ImageIO.framework in Frameworks */ = {isa = PBXBuildFile; fileRef = 84EA528E2E4F43BA00750988 /* ImageIO.framework */; };
		84EA52912E4F43C000750988 /* Metal.framework in Frameworks */ = {isa = PBXBuildFile; fileRef = 84EA52902E4F43C000750988 /* Metal.framework */; };
		84EA52932E4F43C700750988 /* QuartzCore.framework in Frameworks */ = {isa = PBXBuildFile; fileRef = 84EA52922E4F43C700750988 /* QuartzCore.framework */; };
		98D9BFA12E53278500E0DB71 /* lib in Resources */ = {isa = PBXBuildFile; fileRef = 98D9BFA02E53278500E0DB71 /* lib */; };
/* End PBXBuildFile section */

/* Begin PBXContainerItemProxy section */
		84EA52AC2E4F6AEA00750988 /* PBXContainerItemProxy */ = {
			isa = PBXContainerItemProxy;
			containerPortal = 987BF2412DDDECC7005EF497 /* Project object */;
			proxyType = 1;
			remoteGlobalIDString = 987BF2482DDDECC7005EF497;
			remoteInfo = ColorForge;
		};
/* End PBXContainerItemProxy section */

/* Begin PBXCopyFilesBuildPhase section */
		848157B42E3A212E003965FA /* CopyFiles */ = {
			isa = PBXCopyFilesBuildPhase;
			buildActionMask = 2147483647;
			dstPath = /usr/share/man/man1/;
			dstSubfolderSpec = 0;
			files = (
			);
			runOnlyForDeploymentPostprocessing = 1;
		};
		84EA52B52E4F6AEA00750988 /* Embed Frameworks */ = {
			isa = PBXCopyFilesBuildPhase;
			buildActionMask = 2147483647;
			dstPath = "";
			dstSubfolderSpec = 10;
			files = (
			);
			name = "Embed Frameworks";
			runOnlyForDeploymentPostprocessing = 0;
		};
/* End PBXCopyFilesBuildPhase section */

/* Begin PBXFileReference section */
		848157B62E3A212E003965FA /* sam2-cli */ = {isa = PBXFileReference; explicitFileType = "compiled.mach-o.executable"; includeInIndex = 0; path = "sam2-cli"; sourceTree = BUILT_PRODUCTS_DIR; };
		84C6790F2E3A8D7B00BB822E /* CMS_arri.png */ = {isa = PBXFileReference; lastKnownFileType = image.png; path = CMS_arri.png; sourceTree = "<group>"; };
		84E8BE952DE5D011006F2C2F /* ColorForge.xctestplan */ = {isa = PBXFileReference; lastKnownFileType = text; path = ColorForge.xctestplan; sourceTree = "<group>"; };
		84EA52862E4F439C00750988 /* CoreFoundation.framework */ = {isa = PBXFileReference; lastKnownFileType = wrapper.framework; name = CoreFoundation.framework; path = System/Library/Frameworks/CoreFoundation.framework; sourceTree = SDKROOT; };
		84EA52882E4F43A300750988 /* CoreGraphics.framework */ = {isa = PBXFileReference; lastKnownFileType = wrapper.framework; name = CoreGraphics.framework; path = System/Library/Frameworks/CoreGraphics.framework; sourceTree = SDKROOT; };
		84EA528A2E4F43AA00750988 /* CoreVideo.framework */ = {isa = PBXFileReference; lastKnownFileType = wrapper.framework; name = CoreVideo.framework; path = System/Library/Frameworks/CoreVideo.framework; sourceTree = SDKROOT; };
		84EA528C2E4F43B100750988 /* Foundation.framework */ = {isa = PBXFileReference; lastKnownFileType = wrapper.framework; name = Foundation.framework; path = System/Library/Frameworks/Foundation.framework; sourceTree = SDKROOT; };
		84EA528E2E4F43BA00750988 /* ImageIO.framework */ = {isa = PBXFileReference; lastKnownFileType = wrapper.framework; name = ImageIO.framework; path = System/Library/Frameworks/ImageIO.framework; sourceTree = SDKROOT; };
		84EA52902E4F43C000750988 /* Metal.framework */ = {isa = PBXFileReference; lastKnownFileType = wrapper.framework; name = Metal.framework; path = System/Library/Frameworks/Metal.framework; sourceTree = SDKROOT; };
		84EA52922E4F43C700750988 /* QuartzCore.framework */ = {isa = PBXFileReference; lastKnownFileType = wrapper.framework; name = QuartzCore.framework; path = System/Library/Frameworks/QuartzCore.framework; sourceTree = SDKROOT; };
		84EA52A82E4F6AEA00750988 /* MetalKernelsTests.xctest */ = {isa = PBXFileReference; explicitFileType = wrapper.cfbundle; includeInIndex = 0; path = MetalKernelsTests.xctest; sourceTree = BUILT_PRODUCTS_DIR; };
		84EA52D72E4F700F00750988 /* CIKernels.metallib */ = {isa = PBXFileReference; explicitFileType = "archive.metal-library"; includeInIndex = 0; path = CIKernels.metallib; sourceTree = BUILT_PRODUCTS_DIR; };
		987BF2492DDDECC7005EF497 /* ColorForge.app */ = {isa = PBXFileReference; explicitFileType = wrapper.application; includeInIndex = 0; path = ColorForge.app; sourceTree = BUILT_PRODUCTS_DIR; };
		98D9BFA02E53278500E0DB71 /* lib */ = {isa = PBXFileReference; lastKnownFileType = folder; name = lib; path = ColorForge/Helpers/lib; sourceTree = "<group>"; };
/* End PBXFileReference section */

/* Begin PBXFileSystemSynchronizedBuildFileExceptionSet section */
		848157C02E3A26B3003965FA /* Exceptions for "ColorForge" folder in "sam2-cli" target */ = {
			isa = PBXFileSystemSynchronizedBuildFileExceptionSet;
			membershipExceptions = (
				"SAM2/Common/CGImage+Extension.swift",
				"SAM2/Common/CGImage+RawBytes.swift",
				SAM2/Common/CoreImageExtensionsSAM.swift,
				SAM2/Common/DirectoryDocument.swift,
				"SAM2/Common/MLMultiArray+Image.swift",
				SAM2/Common/Models.swift,
				SAM2/Common/SAM2.swift,
				SAM2/SAM2LargeImageEncoderFLOAT16.mlpackage,
				SAM2/SAM2LargeMaskDecoderFLOAT16.mlpackage,
				SAM2/SAM2LargePromptEncoderFLOAT16.mlpackage,
			);
			target = 848157B52E3A212E003965FA /* sam2-cli */;
		};
		84CA78A02E0B031100225A6D /* Exceptions for "ColorForge" folder in "ColorForge" target */ = {
			isa = PBXFileSystemSynchronizedBuildFileExceptionSet;
			membershipExceptions = (
				Filters/Nodes/LoadingModel.swift,
				Filters/Nodes/ToAdapt.swift,
				Helpers/lib/File/RandomAccess.pm,
				Helpers/lib/File/RandomAccess.pod,
				Helpers/lib/Image/ExifTool.pm,
				Helpers/lib/Image/ExifTool.pod,
				Helpers/lib/Image/ExifTool/7Z.pm,
				Helpers/lib/Image/ExifTool/AAC.pm,
				Helpers/lib/Image/ExifTool/AES.pm,
				Helpers/lib/Image/ExifTool/AFCP.pm,
				Helpers/lib/Image/ExifTool/AIFF.pm,
				Helpers/lib/Image/ExifTool/APE.pm,
				Helpers/lib/Image/ExifTool/APP12.pm,
				Helpers/lib/Image/ExifTool/Apple.pm,
				Helpers/lib/Image/ExifTool/ASF.pm,
				Helpers/lib/Image/ExifTool/Audible.pm,
				Helpers/lib/Image/ExifTool/BigTIFF.pm,
				Helpers/lib/Image/ExifTool/BMP.pm,
				Helpers/lib/Image/ExifTool/BPG.pm,
				Helpers/lib/Image/ExifTool/BuildTagLookup.pm,
				Helpers/lib/Image/ExifTool/BZZ.pm,
				Helpers/lib/Image/ExifTool/Canon.pm,
				Helpers/lib/Image/ExifTool/CanonCustom.pm,
				Helpers/lib/Image/ExifTool/CanonRaw.pm,
				Helpers/lib/Image/ExifTool/CanonVRD.pm,
				Helpers/lib/Image/ExifTool/CaptureOne.pm,
				Helpers/lib/Image/ExifTool/Casio.pm,
				Helpers/lib/Image/ExifTool/CBOR.pm,
				Helpers/lib/Image/ExifTool/Charset.pm,
				Helpers/lib/Image/ExifTool/Charset/Arabic.pm,
				Helpers/lib/Image/ExifTool/Charset/Baltic.pm,
				Helpers/lib/Image/ExifTool/Charset/Cyrillic.pm,
				Helpers/lib/Image/ExifTool/Charset/DOSCyrillic.pm,
				Helpers/lib/Image/ExifTool/Charset/DOSLatin1.pm,
				Helpers/lib/Image/ExifTool/Charset/DOSLatinUS.pm,
				Helpers/lib/Image/ExifTool/Charset/Greek.pm,
				Helpers/lib/Image/ExifTool/Charset/Hebrew.pm,
				Helpers/lib/Image/ExifTool/Charset/JIS.pm,
				Helpers/lib/Image/ExifTool/Charset/Latin.pm,
				Helpers/lib/Image/ExifTool/Charset/Latin2.pm,
				Helpers/lib/Image/ExifTool/Charset/MacArabic.pm,
				Helpers/lib/Image/ExifTool/Charset/MacChineseCN.pm,
				Helpers/lib/Image/ExifTool/Charset/MacChineseTW.pm,
				Helpers/lib/Image/ExifTool/Charset/MacCroatian.pm,
				Helpers/lib/Image/ExifTool/Charset/MacCyrillic.pm,
				Helpers/lib/Image/ExifTool/Charset/MacGreek.pm,
				Helpers/lib/Image/ExifTool/Charset/MacHebrew.pm,
				Helpers/lib/Image/ExifTool/Charset/MacIceland.pm,
				Helpers/lib/Image/ExifTool/Charset/MacJapanese.pm,
				Helpers/lib/Image/ExifTool/Charset/MacKorean.pm,
				Helpers/lib/Image/ExifTool/Charset/MacLatin2.pm,
				Helpers/lib/Image/ExifTool/Charset/MacRoman.pm,
				Helpers/lib/Image/ExifTool/Charset/MacRomanian.pm,
				Helpers/lib/Image/ExifTool/Charset/MacRSymbol.pm,
				Helpers/lib/Image/ExifTool/Charset/MacThai.pm,
				Helpers/lib/Image/ExifTool/Charset/MacTurkish.pm,
				Helpers/lib/Image/ExifTool/Charset/PDFDoc.pm,
				Helpers/lib/Image/ExifTool/Charset/ShiftJIS.pm,
				Helpers/lib/Image/ExifTool/Charset/Symbol.pm,
				Helpers/lib/Image/ExifTool/Charset/Thai.pm,
				Helpers/lib/Image/ExifTool/Charset/Turkish.pm,
				Helpers/lib/Image/ExifTool/Charset/Vietnam.pm,
				Helpers/lib/Image/ExifTool/DarwinCore.pm,
				Helpers/lib/Image/ExifTool/DICOM.pm,
				Helpers/lib/Image/ExifTool/DJI.pm,
				Helpers/lib/Image/ExifTool/DjVu.pm,
				Helpers/lib/Image/ExifTool/DNG.pm,
				Helpers/lib/Image/ExifTool/DPX.pm,
				Helpers/lib/Image/ExifTool/DV.pm,
				Helpers/lib/Image/ExifTool/EXE.pm,
				Helpers/lib/Image/ExifTool/Exif.pm,
				Helpers/lib/Image/ExifTool/FITS.pm,
				Helpers/lib/Image/ExifTool/Fixup.pm,
				Helpers/lib/Image/ExifTool/FLAC.pm,
				Helpers/lib/Image/ExifTool/Flash.pm,
				Helpers/lib/Image/ExifTool/FlashPix.pm,
				Helpers/lib/Image/ExifTool/FLIF.pm,
				Helpers/lib/Image/ExifTool/FLIR.pm,
				Helpers/lib/Image/ExifTool/Font.pm,
				Helpers/lib/Image/ExifTool/FotoStation.pm,
				Helpers/lib/Image/ExifTool/FujiFilm.pm,
				Helpers/lib/Image/ExifTool/GE.pm,
				Helpers/lib/Image/ExifTool/Geolocation.dat,
				Helpers/lib/Image/ExifTool/Geolocation.pm,
				Helpers/lib/Image/ExifTool/Geotag.pm,
				Helpers/lib/Image/ExifTool/GeoTiff.pm,
				Helpers/lib/Image/ExifTool/GIF.pm,
				Helpers/lib/Image/ExifTool/GIMP.pm,
				Helpers/lib/Image/ExifTool/GM.pm,
				Helpers/lib/Image/ExifTool/GoPro.pm,
				Helpers/lib/Image/ExifTool/GPS.pm,
				Helpers/lib/Image/ExifTool/H264.pm,
				Helpers/lib/Image/ExifTool/HP.pm,
				Helpers/lib/Image/ExifTool/HTML.pm,
				Helpers/lib/Image/ExifTool/HtmlDump.pm,
				Helpers/lib/Image/ExifTool/ICC_Profile.pm,
				Helpers/lib/Image/ExifTool/ICO.pm,
				Helpers/lib/Image/ExifTool/ID3.pm,
				Helpers/lib/Image/ExifTool/Import.pm,
				Helpers/lib/Image/ExifTool/InDesign.pm,
				Helpers/lib/Image/ExifTool/InfiRay.pm,
				Helpers/lib/Image/ExifTool/IPTC.pm,
				Helpers/lib/Image/ExifTool/ISO.pm,
				Helpers/lib/Image/ExifTool/ITC.pm,
				Helpers/lib/Image/ExifTool/iWork.pm,
				Helpers/lib/Image/ExifTool/JPEG.pm,
				Helpers/lib/Image/ExifTool/Jpeg2000.pm,
				Helpers/lib/Image/ExifTool/JPEGDigest.pm,
				Helpers/lib/Image/ExifTool/JSON.pm,
				Helpers/lib/Image/ExifTool/JVC.pm,
				Helpers/lib/Image/ExifTool/Kodak.pm,
				Helpers/lib/Image/ExifTool/KyoceraRaw.pm,
				Helpers/lib/Image/ExifTool/Lang/cs.pm,
				Helpers/lib/Image/ExifTool/Lang/de.pm,
				Helpers/lib/Image/ExifTool/Lang/en_ca.pm,
				Helpers/lib/Image/ExifTool/Lang/en_gb.pm,
				Helpers/lib/Image/ExifTool/Lang/es.pm,
				Helpers/lib/Image/ExifTool/Lang/fi.pm,
				Helpers/lib/Image/ExifTool/Lang/fr.pm,
				Helpers/lib/Image/ExifTool/Lang/it.pm,
				Helpers/lib/Image/ExifTool/Lang/ja.pm,
				Helpers/lib/Image/ExifTool/Lang/ko.pm,
				Helpers/lib/Image/ExifTool/Lang/nl.pm,
				Helpers/lib/Image/ExifTool/Lang/pl.pm,
				Helpers/lib/Image/ExifTool/Lang/ru.pm,
				Helpers/lib/Image/ExifTool/Lang/sk.pm,
				Helpers/lib/Image/ExifTool/Lang/sv.pm,
				Helpers/lib/Image/ExifTool/Lang/tr.pm,
				Helpers/lib/Image/ExifTool/Lang/zh_cn.pm,
				Helpers/lib/Image/ExifTool/Lang/zh_tw.pm,
				Helpers/lib/Image/ExifTool/Leaf.pm,
				Helpers/lib/Image/ExifTool/LIF.pm,
				Helpers/lib/Image/ExifTool/LigoGPS.pm,
				Helpers/lib/Image/ExifTool/LNK.pm,
				Helpers/lib/Image/ExifTool/Lytro.pm,
				Helpers/lib/Image/ExifTool/M2TS.pm,
				Helpers/lib/Image/ExifTool/MacOS.pm,
				Helpers/lib/Image/ExifTool/MakerNotes.pm,
				Helpers/lib/Image/ExifTool/Matroska.pm,
				Helpers/lib/Image/ExifTool/Microsoft.pm,
				Helpers/lib/Image/ExifTool/MIE.pm,
				Helpers/lib/Image/ExifTool/MIEUnits.pod,
				Helpers/lib/Image/ExifTool/MIFF.pm,
				Helpers/lib/Image/ExifTool/Minolta.pm,
				Helpers/lib/Image/ExifTool/MinoltaRaw.pm,
				Helpers/lib/Image/ExifTool/MISB.pm,
				Helpers/lib/Image/ExifTool/MNG.pm,
				Helpers/lib/Image/ExifTool/MOI.pm,
				Helpers/lib/Image/ExifTool/Motorola.pm,
				Helpers/lib/Image/ExifTool/MPC.pm,
				Helpers/lib/Image/ExifTool/MPEG.pm,
				Helpers/lib/Image/ExifTool/MPF.pm,
				Helpers/lib/Image/ExifTool/MRC.pm,
				Helpers/lib/Image/ExifTool/MWG.pm,
				Helpers/lib/Image/ExifTool/MXF.pm,
				Helpers/lib/Image/ExifTool/Nikon.pm,
				Helpers/lib/Image/ExifTool/NikonCapture.pm,
				Helpers/lib/Image/ExifTool/NikonCustom.pm,
				Helpers/lib/Image/ExifTool/NikonSettings.pm,
				Helpers/lib/Image/ExifTool/Nintendo.pm,
				Helpers/lib/Image/ExifTool/Ogg.pm,
				Helpers/lib/Image/ExifTool/Olympus.pm,
				Helpers/lib/Image/ExifTool/OOXML.pm,
				Helpers/lib/Image/ExifTool/OpenEXR.pm,
				Helpers/lib/Image/ExifTool/Opus.pm,
				Helpers/lib/Image/ExifTool/Other.pm,
				Helpers/lib/Image/ExifTool/Palm.pm,
				Helpers/lib/Image/ExifTool/Panasonic.pm,
				Helpers/lib/Image/ExifTool/PanasonicRaw.pm,
				Helpers/lib/Image/ExifTool/Parrot.pm,
				Helpers/lib/Image/ExifTool/PCAP.pm,
				Helpers/lib/Image/ExifTool/PCX.pm,
				Helpers/lib/Image/ExifTool/PDF.pm,
				Helpers/lib/Image/ExifTool/Pentax.pm,
				Helpers/lib/Image/ExifTool/PGF.pm,
				Helpers/lib/Image/ExifTool/PhaseOne.pm,
				Helpers/lib/Image/ExifTool/PhotoCD.pm,
				Helpers/lib/Image/ExifTool/PhotoMechanic.pm,
				Helpers/lib/Image/ExifTool/Photoshop.pm,
				Helpers/lib/Image/ExifTool/PICT.pm,
				Helpers/lib/Image/ExifTool/PLIST.pm,
				Helpers/lib/Image/ExifTool/Plot.pm,
				Helpers/lib/Image/ExifTool/PLUS.pm,
				Helpers/lib/Image/ExifTool/PNG.pm,
				Helpers/lib/Image/ExifTool/PostScript.pm,
				Helpers/lib/Image/ExifTool/PPM.pm,
				Helpers/lib/Image/ExifTool/PrintIM.pm,
				Helpers/lib/Image/ExifTool/Protobuf.pm,
				Helpers/lib/Image/ExifTool/PSP.pm,
				Helpers/lib/Image/ExifTool/Qualcomm.pm,
				Helpers/lib/Image/ExifTool/QuickTime.pm,
				Helpers/lib/Image/ExifTool/QuickTimeStream.pl,
				Helpers/lib/Image/ExifTool/Radiance.pm,
				Helpers/lib/Image/ExifTool/Rawzor.pm,
				Helpers/lib/Image/ExifTool/README,
				Helpers/lib/Image/ExifTool/Real.pm,
				Helpers/lib/Image/ExifTool/Reconyx.pm,
				Helpers/lib/Image/ExifTool/Red.pm,
				Helpers/lib/Image/ExifTool/Ricoh.pm,
				Helpers/lib/Image/ExifTool/RIFF.pm,
				Helpers/lib/Image/ExifTool/RSRC.pm,
				Helpers/lib/Image/ExifTool/RTF.pm,
				Helpers/lib/Image/ExifTool/Samsung.pm,
				Helpers/lib/Image/ExifTool/Sanyo.pm,
				Helpers/lib/Image/ExifTool/Scalado.pm,
				Helpers/lib/Image/ExifTool/Shift.pl,
				Helpers/lib/Image/ExifTool/Shortcuts.pm,
				Helpers/lib/Image/ExifTool/Sigma.pm,
				Helpers/lib/Image/ExifTool/SigmaRaw.pm,
				Helpers/lib/Image/ExifTool/Sony.pm,
				Helpers/lib/Image/ExifTool/SonyIDC.pm,
				Helpers/lib/Image/ExifTool/Stim.pm,
				Helpers/lib/Image/ExifTool/TagInfoXML.pm,
				Helpers/lib/Image/ExifTool/TagLookup.pm,
				Helpers/lib/Image/ExifTool/TagNames.pod,
				Helpers/lib/Image/ExifTool/Text.pm,
				Helpers/lib/Image/ExifTool/Theora.pm,
				Helpers/lib/Image/ExifTool/TNEF.pm,
				Helpers/lib/Image/ExifTool/Torrent.pm,
				Helpers/lib/Image/ExifTool/Trailer.pm,
				Helpers/lib/Image/ExifTool/Unknown.pm,
				Helpers/lib/Image/ExifTool/Validate.pm,
				Helpers/lib/Image/ExifTool/VCard.pm,
				Helpers/lib/Image/ExifTool/Vorbis.pm,
				Helpers/lib/Image/ExifTool/WPG.pm,
				Helpers/lib/Image/ExifTool/WriteCanonRaw.pl,
				Helpers/lib/Image/ExifTool/WriteExif.pl,
				Helpers/lib/Image/ExifTool/WriteIPTC.pl,
				Helpers/lib/Image/ExifTool/WritePDF.pl,
				Helpers/lib/Image/ExifTool/WritePhotoshop.pl,
				Helpers/lib/Image/ExifTool/WritePNG.pl,
				Helpers/lib/Image/ExifTool/WritePostScript.pl,
				Helpers/lib/Image/ExifTool/WriteQuickTime.pl,
				Helpers/lib/Image/ExifTool/Writer.pl,
				Helpers/lib/Image/ExifTool/WriteRIFF.pl,
				Helpers/lib/Image/ExifTool/WriteXMP.pl,
				Helpers/lib/Image/ExifTool/WTV.pm,
				Helpers/lib/Image/ExifTool/XISF.pm,
				Helpers/lib/Image/ExifTool/XMP.pm,
				Helpers/lib/Image/ExifTool/XMP2.pl,
				Helpers/lib/Image/ExifTool/XMPStruct.pl,
				Helpers/lib/Image/ExifTool/ZIP.pm,
				Helpers/lib/Image/ExifTool/ZISRAW.pm,
				Info.plist,
				"Views/BottomBarView 2.swift",
				Views/ImageViews/MainImageView/ImageViewSAM.swift,
				Views/Masking/MaskIcons.swift,
				Views/SidebarViewOld.swift,
			);
			target = 987BF2482DDDECC7005EF497 /* ColorForge */;
		};
/* End PBXFileSystemSynchronizedBuildFileExceptionSet section */

/* Begin PBXFileSystemSynchronizedRootGroup section */
		848157B72E3A212E003965FA /* sam2-cli */ = {
			isa = PBXFileSystemSynchronizedRootGroup;
			path = "sam2-cli";
			sourceTree = "<group>";
		};
		84EA52D82E4F700F00750988 /* CIKernels */ = {
			isa = PBXFileSystemSynchronizedRootGroup;
			path = CIKernels;
			sourceTree = "<group>";
		};
		987BF24B2DDDECC7005EF497 /* ColorForge */ = {
			isa = PBXFileSystemSynchronizedRootGroup;
			exceptions = (
				84CA78A02E0B031100225A6D /* Exceptions for "ColorForge" folder in "ColorForge" target */,
				848157C02E3A26B3003965FA /* Exceptions for "ColorForge" folder in "sam2-cli" target */,
			);
			path = ColorForge;
			sourceTree = "<group>";
		};
/* End PBXFileSystemSynchronizedRootGroup section */

/* Begin PBXFrameworksBuildPhase section */
		848157B32E3A212E003965FA /* Frameworks */ = {
			isa = PBXFrameworksBuildPhase;
			buildActionMask = 2147483647;
			files = (
				848157CC2E3A3E8B003965FA /* ArgumentParser in Frameworks */,
			);
			runOnlyForDeploymentPostprocessing = 0;
		};
		84EA52A52E4F6AEA00750988 /* Frameworks */ = {
			isa = PBXFrameworksBuildPhase;
			buildActionMask = 2147483647;
			files = (
			);
			runOnlyForDeploymentPostprocessing = 0;
		};
		987BF2462DDDECC7005EF497 /* Frameworks */ = {
			isa = PBXFrameworksBuildPhase;
			buildActionMask = 2147483647;
			files = (
				84EA528B2E4F43AA00750988 /* CoreVideo.framework in Frameworks */,
				84EA52892E4F43A300750988 /* CoreGraphics.framework in Frameworks */,
				84EA52912E4F43C000750988 /* Metal.framework in Frameworks */,
				84EA52932E4F43C700750988 /* QuartzCore.framework in Frameworks */,
				84EA528F2E4F43BA00750988 /* ImageIO.framework in Frameworks */,
				84EA52872E4F439C00750988 /* CoreFoundation.framework in Frameworks */,
				84C67CBC2E4B5D5B00FB0762 /* LRUCache in Frameworks */,
				848157B12E3A1EC1003965FA /* ArgumentParser in Frameworks */,
				847245372E1BB9A4003C4A70 /* KeyboardShortcuts in Frameworks */,
				84EA528D2E4F43B100750988 /* Foundation.framework in Frameworks */,
			);
			runOnlyForDeploymentPostprocessing = 0;
		};
/* End PBXFrameworksBuildPhase section */

/* Begin PBXGroup section */
		848157CA2E3A3E8B003965FA /* Frameworks */ = {
			isa = PBXGroup;
			children = (
				84EA52922E4F43C700750988 /* QuartzCore.framework */,
				84EA52902E4F43C000750988 /* Metal.framework */,
				84EA528E2E4F43BA00750988 /* ImageIO.framework */,
				84EA528C2E4F43B100750988 /* Foundation.framework */,
				84EA528A2E4F43AA00750988 /* CoreVideo.framework */,
				84EA52882E4F43A300750988 /* CoreGraphics.framework */,
				84EA52862E4F439C00750988 /* CoreFoundation.framework */,
			);
			name = Frameworks;
			sourceTree = "<group>";
		};
		987BF2402DDDECC7005EF497 = {
			isa = PBXGroup;
			children = (
				98D9BFA02E53278500E0DB71 /* lib */,
				84C6790F2E3A8D7B00BB822E /* CMS_arri.png */,
				84E8BE952DE5D011006F2C2F /* ColorForge.xctestplan */,
				987BF24B2DDDECC7005EF497 /* ColorForge */,
				848157B72E3A212E003965FA /* sam2-cli */,
				84EA52D82E4F700F00750988 /* CIKernels */,
				848157CA2E3A3E8B003965FA /* Frameworks */,
				987BF24A2DDDECC7005EF497 /* Products */,
			);
			sourceTree = "<group>";
		};
		987BF24A2DDDECC7005EF497 /* Products */ = {
			isa = PBXGroup;
			children = (
				987BF2492DDDECC7005EF497 /* ColorForge.app */,
				848157B62E3A212E003965FA /* sam2-cli */,
				84EA52A82E4F6AEA00750988 /* MetalKernelsTests.xctest */,
				84EA52D72E4F700F00750988 /* CIKernels.metallib */,
			);
			name = Products;
			sourceTree = "<group>";
		};
/* End PBXGroup section */

/* Begin PBXNativeTarget section */
		848157B52E3A212E003965FA /* sam2-cli */ = {
			isa = PBXNativeTarget;
			buildConfigurationList = 848157BA2E3A212E003965FA /* Build configuration list for PBXNativeTarget "sam2-cli" */;
			buildPhases = (
				848157B22E3A212E003965FA /* Sources */,
				848157B32E3A212E003965FA /* Frameworks */,
				848157B42E3A212E003965FA /* CopyFiles */,
			);
			buildRules = (
			);
			dependencies = (
			);
			fileSystemSynchronizedGroups = (
				848157B72E3A212E003965FA /* sam2-cli */,
			);
			name = "sam2-cli";
			packageProductDependencies = (
				848157CB2E3A3E8B003965FA /* ArgumentParser */,
			);
			productName = "sam2-cli";
			productReference = 848157B62E3A212E003965FA /* sam2-cli */;
			productType = "com.apple.product-type.tool";
		};
		84EA52A72E4F6AEA00750988 /* MetalKernelsTests */ = {
			isa = PBXNativeTarget;
			buildConfigurationList = 84EA52BB2E4F6AEA00750988 /* Build configuration list for PBXNativeTarget "MetalKernelsTests" */;
			buildPhases = (
				84EA52A42E4F6AEA00750988 /* Sources */,
				84EA52A52E4F6AEA00750988 /* Frameworks */,
				84EA52A62E4F6AEA00750988 /* Resources */,
			);
			buildRules = (
			);
			dependencies = (
				84EA52AD2E4F6AEA00750988 /* PBXTargetDependency */,
			);
			name = MetalKernelsTests;
			packageProductDependencies = (
			);
			productName = MetalKernelsTests;
			productReference = 84EA52A82E4F6AEA00750988 /* MetalKernelsTests.xctest */;
			productType = "com.apple.product-type.bundle.unit-test";
		};
		84EA52D62E4F700F00750988 /* CIKernels */ = {
			isa = PBXNativeTarget;
			buildConfigurationList = 84EA52DB2E4F700F00750988 /* Build configuration list for PBXNativeTarget "CIKernels" */;
			buildPhases = (
				84EA52D52E4F700F00750988 /* Sources */,
			);
			buildRules = (
			);
			dependencies = (
			);
			fileSystemSynchronizedGroups = (
				84EA52D82E4F700F00750988 /* CIKernels */,
			);
			name = CIKernels;
			packageProductDependencies = (
			);
			productName = CIKernels;
			productReference = 84EA52D72E4F700F00750988 /* CIKernels.metallib */;
			productType = "com.apple.product-type.metal-library";
		};
		987BF2482DDDECC7005EF497 /* ColorForge */ = {
			isa = PBXNativeTarget;
			buildConfigurationList = 987BF26B2DDDECC9005EF497 /* Build configuration list for PBXNativeTarget "ColorForge" */;
			buildPhases = (
				987BF2452DDDECC7005EF497 /* Sources */,
				987BF2462DDDECC7005EF497 /* Frameworks */,
				987BF2472DDDECC7005EF497 /* Resources */,
				84EA52B52E4F6AEA00750988 /* Embed Frameworks */,
			);
			buildRules = (
			);
			dependencies = (
			);
			fileSystemSynchronizedGroups = (
				987BF24B2DDDECC7005EF497 /* ColorForge */,
			);
			name = ColorForge;
			packageProductDependencies = (
				847245362E1BB9A4003C4A70 /* KeyboardShortcuts */,
				848157B02E3A1EC1003965FA /* ArgumentParser */,
				84C67CBB2E4B5D5B00FB0762 /* LRUCache */,
			);
			productName = ColorForge;
			productReference = 987BF2492DDDECC7005EF497 /* ColorForge.app */;
			productType = "com.apple.product-type.application";
		};
/* End PBXNativeTarget section */

/* Begin PBXProject section */
		987BF2412DDDECC7005EF497 /* Project object */ = {
			isa = PBXProject;
			attributes = {
				BuildIndependentTargetsInParallel = 1;
				LastSwiftUpdateCheck = 1620;
				LastUpgradeCheck = 1630;
				TargetAttributes = {
					848157B52E3A212E003965FA = {
						CreatedOnToolsVersion = 16.2;
					};
					84EA52A72E4F6AEA00750988 = {
						CreatedOnToolsVersion = 16.2;
						TestTargetID = 987BF2482DDDECC7005EF497;
					};
					84EA52D62E4F700F00750988 = {
						CreatedOnToolsVersion = 16.2;
					};
					987BF2482DDDECC7005EF497 = {
						CreatedOnToolsVersion = 16.3;
						LastSwiftMigration = 1620;
					};
				};
			};
			buildConfigurationList = 987BF2442DDDECC7005EF497 /* Build configuration list for PBXProject "ColorForge" */;
			developmentRegion = en;
			hasScannedForEncodings = 0;
			knownRegions = (
				en,
				Base,
			);
			mainGroup = 987BF2402DDDECC7005EF497;
			minimizedProjectReferenceProxies = 1;
			packageReferences = (
				847245352E1BB9A4003C4A70 /* XCRemoteSwiftPackageReference "KeyboardShortcuts" */,
				848157AF2E3A1EC1003965FA /* XCRemoteSwiftPackageReference "swift-argument-parser" */,
				84C67CBA2E4B5D5B00FB0762 /* XCRemoteSwiftPackageReference "LRUCache" */,
			);
			preferredProjectObjectVersion = 77;
			productRefGroup = 987BF24A2DDDECC7005EF497 /* Products */;
			projectDirPath = "";
			projectRoot = "";
			targets = (
				987BF2482DDDECC7005EF497 /* ColorForge */,
				848157B52E3A212E003965FA /* sam2-cli */,
				84EA52A72E4F6AEA00750988 /* MetalKernelsTests */,
				84EA52D62E4F700F00750988 /* CIKernels */,
			);
		};
/* End PBXProject section */

/* Begin PBXResourcesBuildPhase section */
		84EA52A62E4F6AEA00750988 /* Resources */ = {
			isa = PBXResourcesBuildPhase;
			buildActionMask = 2147483647;
			files = (
			);
			runOnlyForDeploymentPostprocessing = 0;
		};
		987BF2472DDDECC7005EF497 /* Resources */ = {
			isa = PBXResourcesBuildPhase;
			buildActionMask = 2147483647;
			files = (
				98D9BFA12E53278500E0DB71 /* lib in Resources */,
				84C679102E3A8D7B00BB822E /* CMS_arri.png in Resources */,
			);
			runOnlyForDeploymentPostprocessing = 0;
		};
/* End PBXResourcesBuildPhase section */

/* Begin PBXSourcesBuildPhase section */
		848157B22E3A212E003965FA /* Sources */ = {
			isa = PBXSourcesBuildPhase;
			buildActionMask = 2147483647;
			files = (
			);
			runOnlyForDeploymentPostprocessing = 0;
		};
		84EA52A42E4F6AEA00750988 /* Sources */ = {
			isa = PBXSourcesBuildPhase;
			buildActionMask = 2147483647;
			files = (
			);
			runOnlyForDeploymentPostprocessing = 0;
		};
		84EA52D52E4F700F00750988 /* Sources */ = {
			isa = PBXSourcesBuildPhase;
			buildActionMask = 2147483647;
			files = (
			);
			runOnlyForDeploymentPostprocessing = 0;
		};
		987BF2452DDDECC7005EF497 /* Sources */ = {
			isa = PBXSourcesBuildPhase;
			buildActionMask = 2147483647;
			files = (
			);
			runOnlyForDeploymentPostprocessing = 0;
		};
/* End PBXSourcesBuildPhase section */

/* Begin PBXTargetDependency section */
		84EA52AD2E4F6AEA00750988 /* PBXTargetDependency */ = {
			isa = PBXTargetDependency;
			target = 987BF2482DDDECC7005EF497 /* ColorForge */;
			targetProxy = 84EA52AC2E4F6AEA00750988 /* PBXContainerItemProxy */;
		};
/* End PBXTargetDependency section */

/* Begin XCBuildConfiguration section */
		848157BB2E3A212E003965FA /* Debug */ = {
			isa = XCBuildConfiguration;
			buildSettings = {
				CODE_SIGN_STYLE = Automatic;
				DEVELOPMENT_TEAM = MH3K548CJL;
				ENABLE_HARDENED_RUNTIME = YES;
				MACOSX_DEPLOYMENT_TARGET = 15.0;
				PRODUCT_NAME = "$(TARGET_NAME)";
				SWIFT_VERSION = 5.0;
			};
			name = Debug;
		};
		848157BC2E3A212E003965FA /* Release */ = {
			isa = XCBuildConfiguration;
			buildSettings = {
				CODE_SIGN_STYLE = Automatic;
				DEVELOPMENT_TEAM = MH3K548CJL;
				ENABLE_HARDENED_RUNTIME = YES;
				MACOSX_DEPLOYMENT_TARGET = 15.0;
				PRODUCT_NAME = "$(TARGET_NAME)";
				SWIFT_VERSION = 5.0;
			};
			name = Release;
		};
		84EA52BC2E4F6AEA00750988 /* Debug */ = {
			isa = XCBuildConfiguration;
			buildSettings = {
				CODE_SIGN_STYLE = Automatic;
				CURRENT_PROJECT_VERSION = 1;
				DEVELOPMENT_TEAM = MH3K548CJL;
				GENERATE_INFOPLIST_FILE = YES;
				MACOSX_DEPLOYMENT_TARGET = 15.2;
				MARKETING_VERSION = 1.0;
				PRODUCT_BUNDLE_IDENTIFIER = "Ben-Quinton.MetalKernelsTests";
				PRODUCT_NAME = "$(TARGET_NAME)";
				SWIFT_EMIT_LOC_STRINGS = NO;
				SWIFT_VERSION = 5.0;
				TEST_HOST = "$(BUILT_PRODUCTS_DIR)/ColorForge.app/$(BUNDLE_EXECUTABLE_FOLDER_PATH)/ColorForge";
			};
			name = Debug;
		};
		84EA52BD2E4F6AEA00750988 /* Release */ = {
			isa = XCBuildConfiguration;
			buildSettings = {
				CODE_SIGN_STYLE = Automatic;
				CURRENT_PROJECT_VERSION = 1;
				DEVELOPMENT_TEAM = MH3K548CJL;
				GENERATE_INFOPLIST_FILE = YES;
				MACOSX_DEPLOYMENT_TARGET = 15.2;
				MARKETING_VERSION = 1.0;
				PRODUCT_BUNDLE_IDENTIFIER = "Ben-Quinton.MetalKernelsTests";
				PRODUCT_NAME = "$(TARGET_NAME)";
				SWIFT_EMIT_LOC_STRINGS = NO;
				SWIFT_VERSION = 5.0;
				TEST_HOST = "$(BUILT_PRODUCTS_DIR)/ColorForge.app/$(BUNDLE_EXECUTABLE_FOLDER_PATH)/ColorForge";
			};
			name = Release;
		};
		84EA52DC2E4F700F00750988 /* Debug */ = {
			isa = XCBuildConfiguration;
			buildSettings = {
				CODE_SIGN_STYLE = Automatic;
				DEVELOPMENT_TEAM = MH3K548CJL;
				MACOSX_DEPLOYMENT_TARGET = 15.2;
				MTLLINKER_FLAGS = "-fcikernel";
				MTL_COMPILER_FLAGS = "-fcikernel";
				PRODUCT_NAME = "$(TARGET_NAME)";
				VERSIONING_SYSTEM = "";
			};
			name = Debug;
		};
		84EA52DD2E4F700F00750988 /* Release */ = {
			isa = XCBuildConfiguration;
			buildSettings = {
				CODE_SIGN_STYLE = Automatic;
				DEVELOPMENT_TEAM = MH3K548CJL;
				MACOSX_DEPLOYMENT_TARGET = 15.2;
				MTLLINKER_FLAGS = "-fcikernel";
				MTL_COMPILER_FLAGS = "-fcikernel";
				PRODUCT_NAME = "$(TARGET_NAME)";
				VERSIONING_SYSTEM = "";
			};
			name = Release;
		};
		987BF2692DDDECC9005EF497 /* Debug */ = {
			isa = XCBuildConfiguration;
			buildSettings = {
				ALWAYS_SEARCH_USER_PATHS = NO;
				ASSETCATALOG_COMPILER_GENERATE_SWIFT_ASSET_SYMBOL_EXTENSIONS = YES;
				CLANG_ANALYZER_NONNULL = YES;
				CLANG_ANALYZER_NUMBER_OBJECT_CONVERSION = YES_AGGRESSIVE;
				CLANG_CXX_LANGUAGE_STANDARD = "gnu++20";
				CLANG_ENABLE_MODULES = YES;
				CLANG_ENABLE_OBJC_ARC = YES;
				CLANG_ENABLE_OBJC_WEAK = YES;
				CLANG_WARN_BLOCK_CAPTURE_AUTORELEASING = YES;
				CLANG_WARN_BOOL_CONVERSION = YES;
				CLANG_WARN_COMMA = YES;
				CLANG_WARN_CONSTANT_CONVERSION = YES;
				CLANG_WARN_DEPRECATED_OBJC_IMPLEMENTATIONS = YES;
				CLANG_WARN_DIRECT_OBJC_ISA_USAGE = YES_ERROR;
				CLANG_WARN_DOCUMENTATION_COMMENTS = YES;
				CLANG_WARN_EMPTY_BODY = YES;
				CLANG_WARN_ENUM_CONVERSION = YES;
				CLANG_WARN_INFINITE_RECURSION = YES;
				CLANG_WARN_INT_CONVERSION = YES;
				CLANG_WARN_NON_LITERAL_NULL_CONVERSION = YES;
				CLANG_WARN_OBJC_IMPLICIT_RETAIN_SELF = YES;
				CLANG_WARN_OBJC_LITERAL_CONVERSION = YES;
				CLANG_WARN_OBJC_ROOT_CLASS = YES_ERROR;
				CLANG_WARN_QUOTED_INCLUDE_IN_FRAMEWORK_HEADER = YES;
				CLANG_WARN_RANGE_LOOP_ANALYSIS = YES;
				CLANG_WARN_STRICT_PROTOTYPES = YES;
				CLANG_WARN_SUSPICIOUS_MOVE = YES;
				CLANG_WARN_UNGUARDED_AVAILABILITY = YES_AGGRESSIVE;
				CLANG_WARN_UNREACHABLE_CODE = YES;
				CLANG_WARN__DUPLICATE_METHOD_MATCH = YES;
				COPY_PHASE_STRIP = NO;
				DEBUG_INFORMATION_FORMAT = dwarf;
				DEVELOPMENT_TEAM = MH3K548CJL;
				ENABLE_STRICT_OBJC_MSGSEND = YES;
				ENABLE_TESTABILITY = YES;
				ENABLE_USER_SCRIPT_SANDBOXING = YES;
				GCC_C_LANGUAGE_STANDARD = gnu17;
				GCC_DYNAMIC_NO_PIC = NO;
				GCC_NO_COMMON_BLOCKS = YES;
				GCC_OPTIMIZATION_LEVEL = 0;
				GCC_PREPROCESSOR_DEFINITIONS = (
					"DEBUG=1",
					"$(inherited)",
				);
				GCC_WARN_64_TO_32_BIT_CONVERSION = YES;
				GCC_WARN_ABOUT_RETURN_TYPE = YES_ERROR;
				GCC_WARN_UNDECLARED_SELECTOR = YES;
				GCC_WARN_UNINITIALIZED_AUTOS = YES_AGGRESSIVE;
				GCC_WARN_UNUSED_FUNCTION = YES;
				GCC_WARN_UNUSED_VARIABLE = YES;
				LOCALIZATION_PREFERS_STRING_CATALOGS = YES;
				MACOSX_DEPLOYMENT_TARGET = 15.0;
				MTL_ENABLE_DEBUG_INFO = INCLUDE_SOURCE;
				MTL_FAST_MATH = YES;
				ONLY_ACTIVE_ARCH = YES;
				SDKROOT = macosx;
				SWIFT_ACTIVE_COMPILATION_CONDITIONS = "DEBUG $(inherited)";
				SWIFT_OPTIMIZATION_LEVEL = "-Onone";
			};
			name = Debug;
		};
		987BF26A2DDDECC9005EF497 /* Release */ = {
			isa = XCBuildConfiguration;
			buildSettings = {
				ALWAYS_SEARCH_USER_PATHS = NO;
				ASSETCATALOG_COMPILER_GENERATE_SWIFT_ASSET_SYMBOL_EXTENSIONS = YES;
				CLANG_ANALYZER_NONNULL = YES;
				CLANG_ANALYZER_NUMBER_OBJECT_CONVERSION = YES_AGGRESSIVE;
				CLANG_CXX_LANGUAGE_STANDARD = "gnu++20";
				CLANG_ENABLE_MODULES = YES;
				CLANG_ENABLE_OBJC_ARC = YES;
				CLANG_ENABLE_OBJC_WEAK = YES;
				CLANG_WARN_BLOCK_CAPTURE_AUTORELEASING = YES;
				CLANG_WARN_BOOL_CONVERSION = YES;
				CLANG_WARN_COMMA = YES;
				CLANG_WARN_CONSTANT_CONVERSION = YES;
				CLANG_WARN_DEPRECATED_OBJC_IMPLEMENTATIONS = YES;
				CLANG_WARN_DIRECT_OBJC_ISA_USAGE = YES_ERROR;
				CLANG_WARN_DOCUMENTATION_COMMENTS = YES;
				CLANG_WARN_EMPTY_BODY = YES;
				CLANG_WARN_ENUM_CONVERSION = YES;
				CLANG_WARN_INFINITE_RECURSION = YES;
				CLANG_WARN_INT_CONVERSION = YES;
				CLANG_WARN_NON_LITERAL_NULL_CONVERSION = YES;
				CLANG_WARN_OBJC_IMPLICIT_RETAIN_SELF = YES;
				CLANG_WARN_OBJC_LITERAL_CONVERSION = YES;
				CLANG_WARN_OBJC_ROOT_CLASS = YES_ERROR;
				CLANG_WARN_QUOTED_INCLUDE_IN_FRAMEWORK_HEADER = YES;
				CLANG_WARN_RANGE_LOOP_ANALYSIS = YES;
				CLANG_WARN_STRICT_PROTOTYPES = YES;
				CLANG_WARN_SUSPICIOUS_MOVE = YES;
				CLANG_WARN_UNGUARDED_AVAILABILITY = YES_AGGRESSIVE;
				CLANG_WARN_UNREACHABLE_CODE = YES;
				CLANG_WARN__DUPLICATE_METHOD_MATCH = YES;
				COPY_PHASE_STRIP = NO;
				DEBUG_INFORMATION_FORMAT = "dwarf-with-dsym";
				DEVELOPMENT_TEAM = MH3K548CJL;
				ENABLE_NS_ASSERTIONS = NO;
				ENABLE_STRICT_OBJC_MSGSEND = YES;
				ENABLE_USER_SCRIPT_SANDBOXING = YES;
				GCC_C_LANGUAGE_STANDARD = gnu17;
				GCC_NO_COMMON_BLOCKS = YES;
				GCC_WARN_64_TO_32_BIT_CONVERSION = YES;
				GCC_WARN_ABOUT_RETURN_TYPE = YES_ERROR;
				GCC_WARN_UNDECLARED_SELECTOR = YES;
				GCC_WARN_UNINITIALIZED_AUTOS = YES_AGGRESSIVE;
				GCC_WARN_UNUSED_FUNCTION = YES;
				GCC_WARN_UNUSED_VARIABLE = YES;
				LOCALIZATION_PREFERS_STRING_CATALOGS = YES;
				MACOSX_DEPLOYMENT_TARGET = 15.0;
				MTL_ENABLE_DEBUG_INFO = NO;
				MTL_FAST_MATH = YES;
				SDKROOT = macosx;
				SWIFT_COMPILATION_MODE = wholemodule;
			};
			name = Release;
		};
		987BF26C2DDDECC9005EF497 /* Debug */ = {
			isa = XCBuildConfiguration;
			buildSettings = {
				ASSETCATALOG_COMPILER_APPICON_NAME = AppIcon;
				ASSETCATALOG_COMPILER_GLOBAL_ACCENT_COLOR_NAME = AccentColor;
				CLANG_ENABLE_MODULES = YES;
				CODE_SIGN_ENTITLEMENTS = ColorForge/ColorForge.entitlements;
				"CODE_SIGN_IDENTITY[sdk=macosx*]" = "Apple Development";
				CODE_SIGN_STYLE = Automatic;
				COMBINE_HIDPI_IMAGES = YES;
				CURRENT_PROJECT_VERSION = 1;
				DEVELOPMENT_TEAM = MH3K548CJL;
				ENABLE_HARDENED_RUNTIME = YES;
				ENABLE_PREVIEWS = YES;
				EXCLUDED_ARCHS = "";
				GENERATE_INFOPLIST_FILE = YES;
				HEADER_SEARCH_PATHS = (
					"$(SRCROOT)/ColorForge/Demosaic/Headers",
					"$(SRCROOT)/ColorForge/Demosaic/metal-cpp",
				);
				INFOPLIST_FILE = ColorForge/Info.plist;
				INFOPLIST_KEY_NSHumanReadableCopyright = "";
				LD_RUNPATH_SEARCH_PATHS = (
					"$(inherited)",
					"@executable_path/../Frameworks",
				);
				LIBRARY_SEARCH_PATHS = (
					"$(inherited)",
					"$(PROJECT_DIR)/ColorForge/Demosaic/Lib",
				);
				MACOSX_DEPLOYMENT_TARGET = 15.0;
				MARKETING_VERSION = 0.2;
				MTLLINKER_FLAGS = "";
				MTL_COMPILER_FLAGS = "";
				PRODUCT_BUNDLE_IDENTIFIER = BenQuinton.ColorForge;
				PRODUCT_NAME = "$(TARGET_NAME)";
				REGISTER_APP_GROUPS = YES;
				SWIFT_EMIT_LOC_STRINGS = YES;
				SWIFT_OBJC_BRIDGING_HEADER = "ColorForge/Demosaic/ColorForge-Bridging-Header.h";
				SWIFT_OBJC_INTEROP_MODE = objcxx;
				SWIFT_OPTIMIZATION_LEVEL = "-Onone";
				SWIFT_VERSION = 5.0;
			};
			name = Debug;
		};
		987BF26D2DDDECC9005EF497 /* Release */ = {
			isa = XCBuildConfiguration;
			buildSettings = {
				ASSETCATALOG_COMPILER_APPICON_NAME = AppIcon;
				ASSETCATALOG_COMPILER_GLOBAL_ACCENT_COLOR_NAME = AccentColor;
				CLANG_ENABLE_MODULES = YES;
				CODE_SIGN_ENTITLEMENTS = ColorForge/ColorForge.entitlements;
				"CODE_SIGN_IDENTITY[sdk=macosx*]" = "Apple Development";
				CODE_SIGN_STYLE = Automatic;
				COMBINE_HIDPI_IMAGES = YES;
				CURRENT_PROJECT_VERSION = 1;
				DEVELOPMENT_TEAM = MH3K548CJL;
				ENABLE_HARDENED_RUNTIME = YES;
				ENABLE_PREVIEWS = YES;
				EXCLUDED_ARCHS = "";
				"EXCLUDED_ARCHS[sdk=*]" = x86_64;
				GCC_OPTIMIZATION_LEVEL = 3;
				GENERATE_INFOPLIST_FILE = YES;
				HEADER_SEARCH_PATHS = (
					"$(SRCROOT)/ColorForge/Demosaic/Headers",
					"$(SRCROOT)/ColorForge/Demosaic/metal-cpp",
				);
				INFOPLIST_FILE = ColorForge/Info.plist;
				INFOPLIST_KEY_NSHumanReadableCopyright = "";
				LD_RUNPATH_SEARCH_PATHS = (
					"$(inherited)",
					"@executable_path/../Frameworks",
				);
				LIBRARY_SEARCH_PATHS = (
					"$(inherited)",
					"$(PROJECT_DIR)/ColorForge/Demosaic/Lib",
				);
				MACOSX_DEPLOYMENT_TARGET = 15.0;
				MARKETING_VERSION = 0.2;
				MTLLINKER_FLAGS = "";
				MTL_COMPILER_FLAGS = "";
				PRODUCT_BUNDLE_IDENTIFIER = BenQuinton.ColorForge;
				PRODUCT_NAME = "$(TARGET_NAME)";
				REGISTER_APP_GROUPS = YES;
				SWIFT_EMIT_LOC_STRINGS = YES;
				SWIFT_OBJC_BRIDGING_HEADER = "ColorForge/Demosaic/ColorForge-Bridging-Header.h";
				SWIFT_OBJC_INTEROP_MODE = objcxx;
				SWIFT_VERSION = 5.0;
			};
			name = Release;
		};
/* End XCBuildConfiguration section */

/* Begin XCConfigurationList section */
		848157BA2E3A212E003965FA /* Build configuration list for PBXNativeTarget "sam2-cli" */ = {
			isa = XCConfigurationList;
			buildConfigurations = (
				848157BB2E3A212E003965FA /* Debug */,
				848157BC2E3A212E003965FA /* Release */,
			);
			defaultConfigurationIsVisible = 0;
			defaultConfigurationName = Release;
		};
		84EA52BB2E4F6AEA00750988 /* Build configuration list for PBXNativeTarget "MetalKernelsTests" */ = {
			isa = XCConfigurationList;
			buildConfigurations = (
				84EA52BC2E4F6AEA00750988 /* Debug */,
				84EA52BD2E4F6AEA00750988 /* Release */,
			);
			defaultConfigurationIsVisible = 0;
			defaultConfigurationName = Release;
		};
		84EA52DB2E4F700F00750988 /* Build configuration list for PBXNativeTarget "CIKernels" */ = {
			isa = XCConfigurationList;
			buildConfigurations = (
				84EA52DC2E4F700F00750988 /* Debug */,
				84EA52DD2E4F700F00750988 /* Release */,
			);
			defaultConfigurationIsVisible = 0;
			defaultConfigurationName = Release;
		};
		987BF2442DDDECC7005EF497 /* Build configuration list for PBXProject "ColorForge" */ = {
			isa = XCConfigurationList;
			buildConfigurations = (
				987BF2692DDDECC9005EF497 /* Debug */,
				987BF26A2DDDECC9005EF497 /* Release */,
			);
			defaultConfigurationIsVisible = 0;
			defaultConfigurationName = Release;
		};
		987BF26B2DDDECC9005EF497 /* Build configuration list for PBXNativeTarget "ColorForge" */ = {
			isa = XCConfigurationList;
			buildConfigurations = (
				987BF26C2DDDECC9005EF497 /* Debug */,
				987BF26D2DDDECC9005EF497 /* Release */,
			);
			defaultConfigurationIsVisible = 0;
			defaultConfigurationName = Release;
		};
/* End XCConfigurationList section */

/* Begin XCRemoteSwiftPackageReference section */
		847245352E1BB9A4003C4A70 /* XCRemoteSwiftPackageReference "KeyboardShortcuts" */ = {
			isa = XCRemoteSwiftPackageReference;
			repositoryURL = "https://github.com/sindresorhus/KeyboardShortcuts";
			requirement = {
				kind = upToNextMajorVersion;
				minimumVersion = 2.3.0;
			};
		};
		848157AF2E3A1EC1003965FA /* XCRemoteSwiftPackageReference "swift-argument-parser" */ = {
			isa = XCRemoteSwiftPackageReference;
			repositoryURL = "https://github.com/apple/swift-argument-parser.git";
			requirement = {
				kind = upToNextMajorVersion;
				minimumVersion = 1.6.1;
			};
		};
		84C67CBA2E4B5D5B00FB0762 /* XCRemoteSwiftPackageReference "LRUCache" */ = {
			isa = XCRemoteSwiftPackageReference;
			repositoryURL = "https://github.com/nicklockwood/LRUCache.git";
			requirement = {
				kind = upToNextMajorVersion;
				minimumVersion = 1.1.2;
			};
		};
/* End XCRemoteSwiftPackageReference section */

/* Begin XCSwiftPackageProductDependency section */
		847245362E1BB9A4003C4A70 /* KeyboardShortcuts */ = {
			isa = XCSwiftPackageProductDependency;
			package = 847245352E1BB9A4003C4A70 /* XCRemoteSwiftPackageReference "KeyboardShortcuts" */;
			productName = KeyboardShortcuts;
		};
		848157B02E3A1EC1003965FA /* ArgumentParser */ = {
			isa = XCSwiftPackageProductDependency;
			package = 848157AF2E3A1EC1003965FA /* XCRemoteSwiftPackageReference "swift-argument-parser" */;
			productName = ArgumentParser;
		};
		848157CB2E3A3E8B003965FA /* ArgumentParser */ = {
			isa = XCSwiftPackageProductDependency;
			package = 848157AF2E3A1EC1003965FA /* XCRemoteSwiftPackageReference "swift-argument-parser" */;
			productName = ArgumentParser;
		};
		84C67CBB2E4B5D5B00FB0762 /* LRUCache */ = {
			isa = XCSwiftPackageProductDependency;
			package = 84C67CBA2E4B5D5B00FB0762 /* XCRemoteSwiftPackageReference "LRUCache" */;
			productName = LRUCache;
		};
/* End XCSwiftPackageProductDependency section */
	};
	rootObject = 987BF2412DDDECC7005EF497 /* Project object */;
}
